// !$*UTF8*$!
{
	archiveVersion = 1;
	classes = {
	};
	objectVersion = 77;
	objects = {

/* Begin PBXContainerItemProxy section */
		3128F9482CA89BFE0019147A /* PBXContainerItemProxy */ = {
			isa = PBXContainerItemProxy;
			containerPortal = 3128F92F2CA89BFD0019147A /* Project object */;
			proxyType = 1;
			remoteGlobalIDString = 3128F9362CA89BFD0019147A;
			remoteInfo = wealthwise_ai;
		};
		3128F9522CA89BFE0019147A /* PBXContainerItemProxy */ = {
			isa = PBXContainerItemProxy;
			containerPortal = 3128F92F2CA89BFD0019147A /* Project object */;
			proxyType = 1;
			remoteGlobalIDString = 3128F9362CA89BFD0019147A;
			remoteInfo = wealthwise_ai;
		};
/* End PBXContainerItemProxy section */

/* Begin PBXFileReference section */
		3128F9372CA89BFD0019147A /* wealthwise_ai.app */ = {isa = PBXFileReference; explicitFileType = wrapper.application; includeInIndex = 0; path = wealthwise_ai.app; sourceTree = BUILT_PRODUCTS_DIR; };
		3128F9472CA89BFE0019147A /* wealthwise_aiTests.xctest */ = {isa = PBXFileReference; explicitFileType = wrapper.cfbundle; includeInIndex = 0; path = wealthwise_aiTests.xctest; sourceTree = BUILT_PRODUCTS_DIR; };
		3128F9512CA89BFE0019147A /* wealthwise_aiUITests.xctest */ = {isa = PBXFileReference; explicitFileType = wrapper.cfbundle; includeInIndex = 0; path = wealthwise_aiUITests.xctest; sourceTree = BUILT_PRODUCTS_DIR; };
/* End PBXFileReference section */

/* Begin PBXFileSystemSynchronizedRootGroup section */
		3128F9392CA89BFD0019147A /* wealthwise_ai */ = {
			isa = PBXFileSystemSynchronizedRootGroup;
			path = wealthwise_ai;
			sourceTree = "<group>";
		};
		3128F94A2CA89BFE0019147A /* wealthwise_aiTests */ = {
			isa = PBXFileSystemSynchronizedRootGroup;
			path = wealthwise_aiTests;
			sourceTree = "<group>";
		};
		3128F9542CA89BFE0019147A /* wealthwise_aiUITests */ = {
			isa = PBXFileSystemSynchronizedRootGroup;
			path = wealthwise_aiUITests;
			sourceTree = "<group>";
		};
/* End PBXFileSystemSynchronizedRootGroup section */

/* Begin PBXFrameworksBuildPhase section */
		3128F9342CA89BFD0019147A /* Frameworks */ = {
			isa = PBXFrameworksBuildPhase;
			buildActionMask = 2147483647;
			files = (
			);
			runOnlyForDeploymentPostprocessing = 0;
		};
		3128F9442CA89BFE0019147A /* Frameworks */ = {
			isa = PBXFrameworksBuildPhase;
			buildActionMask = 2147483647;
			files = (
			);
			runOnlyForDeploymentPostprocessing = 0;
		};
		3128F94E2CA89BFE0019147A /* Frameworks */ = {
			isa = PBXFrameworksBuildPhase;
			buildActionMask = 2147483647;
			files = (
			);
			runOnlyForDeploymentPostprocessing = 0;
		};
/* End PBXFrameworksBuildPhase section */

/* Begin PBXGroup section */
		3128F92E2CA89BFD0019147A = {
			isa = PBXGroup;
			children = (
				3128F9392CA89BFD0019147A /* wealthwise_ai */,
				3128F94A2CA89BFE0019147A /* wealthwise_aiTests */,
				3128F9542CA89BFE0019147A /* wealthwise_aiUITests */,
				3128F9382CA89BFD0019147A /* Products */,
			);
			sourceTree = "<group>";
		};
		3128F9382CA89BFD0019147A /* Products */ = {
			isa = PBXGroup;
			children = (
				3128F9372CA89BFD0019147A /* wealthwise_ai.app */,
				3128F9472CA89BFE0019147A /* wealthwise_aiTests.xctest */,
				3128F9512CA89BFE0019147A /* wealthwise_aiUITests.xctest */,
			);
			name = Products;
			sourceTree = "<group>";
		};
/* End PBXGroup section */

/* Begin PBXNativeTarget section */
		3128F9362CA89BFD0019147A /* wealthwise_ai */ = {
			isa = PBXNativeTarget;
			buildConfigurationList = 3128F95B2CA89BFE0019147A /* Build configuration list for PBXNativeTarget "wealthwise_ai" */;
			buildPhases = (
				3128F9332CA89BFD0019147A /* Sources */,
				3128F9342CA89BFD0019147A /* Frameworks */,
				3128F9352CA89BFD0019147A /* Resources */,
			);
			buildRules = (
			);
			dependencies = (
			);
			fileSystemSynchronizedGroups = (
				3128F9392CA89BFD0019147A /* wealthwise_ai */,
			);
			name = wealthwise_ai;
			packageProductDependencies = (
			);
			productName = wealthwise_ai;
			productReference = 3128F9372CA89BFD0019147A /* wealthwise_ai.app */;
			productType = "com.apple.product-type.application";
		};
		3128F9462CA89BFE0019147A /* wealthwise_aiTests */ = {
			isa = PBXNativeTarget;
			buildConfigurationList = 3128F95E2CA89BFE0019147A /* Build configuration list for PBXNativeTarget "wealthwise_aiTests" */;
			buildPhases = (
				3128F9432CA89BFE0019147A /* Sources */,
				3128F9442CA89BFE0019147A /* Frameworks */,
				3128F9452CA89BFE0019147A /* Resources */,
			);
			buildRules = (
			);
			dependencies = (
				3128F9492CA89BFE0019147A /* PBXTargetDependency */,
			);
			fileSystemSynchronizedGroups = (
				3128F94A2CA89BFE0019147A /* wealthwise_aiTests */,
			);
			name = wealthwise_aiTests;
			packageProductDependencies = (
			);
			productName = wealthwise_aiTests;
			productReference = 3128F9472CA89BFE0019147A /* wealthwise_aiTests.xctest */;
			productType = "com.apple.product-type.bundle.unit-test";
		};
		3128F9502CA89BFE0019147A /* wealthwise_aiUITests */ = {
			isa = PBXNativeTarget;
			buildConfigurationList = 3128F9612CA89BFE0019147A /* Build configuration list for PBXNativeTarget "wealthwise_aiUITests" */;
			buildPhases = (
				3128F94D2CA89BFE0019147A /* Sources */,
				3128F94E2CA89BFE0019147A /* Frameworks */,
				3128F94F2CA89BFE0019147A /* Resources */,
			);
			buildRules = (
			);
			dependencies = (
				3128F9532CA89BFE0019147A /* PBXTargetDependency */,
			);
			fileSystemSynchronizedGroups = (
				3128F9542CA89BFE0019147A /* wealthwise_aiUITests */,
			);
			name = wealthwise_aiUITests;
			packageProductDependencies = (
			);
			productName = wealthwise_aiUITests;
			productReference = 3128F9512CA89BFE0019147A /* wealthwise_aiUITests.xctest */;
			productType = "com.apple.product-type.bundle.ui-testing";
		};
/* End PBXNativeTarget section */

/* Begin PBXProject section */
		3128F92F2CA89BFD0019147A /* Project object */ = {
			isa = PBXProject;
			attributes = {
				BuildIndependentTargetsInParallel = 1;
				LastSwiftUpdateCheck = 1600;
				LastUpgradeCheck = 1600;
				TargetAttributes = {
					3128F9362CA89BFD0019147A = {
						CreatedOnToolsVersion = 16.0;
					};
					3128F9462CA89BFE0019147A = {
						CreatedOnToolsVersion = 16.0;
						TestTargetID = 3128F9362CA89BFD0019147A;
					};
					3128F9502CA89BFE0019147A = {
						CreatedOnToolsVersion = 16.0;
						TestTargetID = 3128F9362CA89BFD0019147A;
					};
				};
			};
			buildConfigurationList = 3128F9322CA89BFD0019147A /* Build configuration list for PBXProject "wealthwise_ai" */;
			developmentRegion = en;
			hasScannedForEncodings = 0;
			knownRegions = (
				en,
				Base,
			);
			mainGroup = 3128F92E2CA89BFD0019147A;
			minimizedProjectReferenceProxies = 1;
			preferredProjectObjectVersion = 77;
			productRefGroup = 3128F9382CA89BFD0019147A /* Products */;
			projectDirPath = "";
			projectRoot = "";
			targets = (
				3128F9362CA89BFD0019147A /* wealthwise_ai */,
				3128F9462CA89BFE0019147A /* wealthwise_aiTests */,
				3128F9502CA89BFE0019147A /* wealthwise_aiUITests */,
			);
		};
/* End PBXProject section */

/* Begin PBXResourcesBuildPhase section */
		3128F9352CA89BFD0019147A /* Resources */ = {
			isa = PBXResourcesBuildPhase;
			buildActionMask = 2147483647;
			files = (
			);
			runOnlyForDeploymentPostprocessing = 0;
		};
		3128F9452CA89BFE0019147A /* Resources */ = {
			isa = PBXResourcesBuildPhase;
			buildActionMask = 2147483647;
			files = (
			);
			runOnlyForDeploymentPostprocessing = 0;
		};
		3128F94F2CA89BFE0019147A /* Resources */ = {
			isa = PBXResourcesBuildPhase;
			buildActionMask = 2147483647;
			files = (
			);
			runOnlyForDeploymentPostprocessing = 0;
		};
/* End PBXResourcesBuildPhase section */

/* Begin PBXSourcesBuildPhase section */
		3128F9332CA89BFD0019147A /* Sources */ = {
			isa = PBXSourcesBuildPhase;
			buildActionMask = 2147483647;
			files = (
			);
			runOnlyForDeploymentPostprocessing = 0;
		};
		3128F9432CA89BFE0019147A /* Sources */ = {
			isa = PBXSourcesBuildPhase;
			buildActionMask = 2147483647;
			files = (
			);
			runOnlyForDeploymentPostprocessing = 0;
		};
		3128F94D2CA89BFE0019147A /* Sources */ = {
			isa = PBXSourcesBuildPhase;
			buildActionMask = 2147483647;
			files = (
			);
			runOnlyForDeploymentPostprocessing = 0;
		};
/* End PBXSourcesBuildPhase section */

/* Begin PBXTargetDependency section */
		3128F9492CA89BFE0019147A /* PBXTargetDependency */ = {
			isa = PBXTargetDependency;
			target = 3128F9362CA89BFD0019147A /* wealthwise_ai */;
			targetProxy = 3128F9482CA89BFE0019147A /* PBXContainerItemProxy */;
		};
		3128F9532CA89BFE0019147A /* PBXTargetDependency */ = {
			isa = PBXTargetDependency;
			target = 3128F9362CA89BFD0019147A /* wealthwise_ai */;
			targetProxy = 3128F9522CA89BFE0019147A /* PBXContainerItemProxy */;
		};
/* End PBXTargetDependency section */

/* Begin XCBuildConfiguration section */
		3128F9592CA89BFE0019147A /* Debug */ = {
			isa = XCBuildConfiguration;
			buildSettings = {
				ALWAYS_SEARCH_USER_PATHS = NO;
				ASSETCATALOG_COMPILER_GENERATE_SWIFT_ASSET_SYMBOL_EXTENSIONS = YES;
				CLANG_ANALYZER_NONNULL = YES;
				CLANG_ANALYZER_NUMBER_OBJECT_CONVERSION = YES_AGGRESSIVE;
				CLANG_CXX_LANGUAGE_STANDARD = "gnu++20";
				CLANG_ENABLE_MODULES = YES;
				CLANG_ENABLE_OBJC_ARC = YES;
				CLANG_ENABLE_OBJC_WEAK = YES;
				CLANG_WARN_BLOCK_CAPTURE_AUTORELEASING = YES;
				CLANG_WARN_BOOL_CONVERSION = YES;
				CLANG_WARN_COMMA = YES;
				CLANG_WARN_CONSTANT_CONVERSION = YES;
				CLANG_WARN_DEPRECATED_OBJC_IMPLEMENTATIONS = YES;
				CLANG_WARN_DIRECT_OBJC_ISA_USAGE = YES_ERROR;
				CLANG_WARN_DOCUMENTATION_COMMENTS = YES;
				CLANG_WARN_EMPTY_BODY = YES;
				CLANG_WARN_ENUM_CONVERSION = YES;
				CLANG_WARN_INFINITE_RECURSION = YES;
				CLANG_WARN_INT_CONVERSION = YES;
				CLANG_WARN_NON_LITERAL_NULL_CONVERSION = YES;
				CLANG_WARN_OBJC_IMPLICIT_RETAIN_SELF = YES;
				CLANG_WARN_OBJC_LITERAL_CONVERSION = YES;
				CLANG_WARN_OBJC_ROOT_CLASS = YES_ERROR;
				CLANG_WARN_QUOTED_INCLUDE_IN_FRAMEWORK_HEADER = YES;
				CLANG_WARN_RANGE_LOOP_ANALYSIS = YES;
				CLANG_WARN_STRICT_PROTOTYPES = YES;
				CLANG_WARN_SUSPICIOUS_MOVE = YES;
				CLANG_WARN_UNGUARDED_AVAILABILITY = YES_AGGRESSIVE;
				CLANG_WARN_UNREACHABLE_CODE = YES;
				CLANG_WARN__DUPLICATE_METHOD_MATCH = YES;
				COPY_PHASE_STRIP = NO;
				DEBUG_INFORMATION_FORMAT = dwarf;
				ENABLE_STRICT_OBJC_MSGSEND = YES;
				ENABLE_TESTABILITY = YES;
				ENABLE_USER_SCRIPT_SANDBOXING = YES;
				GCC_C_LANGUAGE_STANDARD = gnu17;
				GCC_DYNAMIC_NO_PIC = NO;
				GCC_NO_COMMON_BLOCKS = YES;
				GCC_OPTIMIZATION_LEVEL = 0;
				GCC_PREPROCESSOR_DEFINITIONS = (
					"DEBUG=1",
					"$(inherited)",
				);
				GCC_WARN_64_TO_32_BIT_CONVERSION = YES;
				GCC_WARN_ABOUT_RETURN_TYPE = YES_ERROR;
				GCC_WARN_UNDECLARED_SELECTOR = YES;
				GCC_WARN_UNINITIALIZED_AUTOS = YES_AGGRESSIVE;
				GCC_WARN_UNUSED_FUNCTION = YES;
				GCC_WARN_UNUSED_VARIABLE = YES;
				IPHONEOS_DEPLOYMENT_TARGET = 18.0;
				LOCALIZATION_PREFERS_STRING_CATALOGS = YES;
				MTL_ENABLE_DEBUG_INFO = INCLUDE_SOURCE;
				MTL_FAST_MATH = YES;
				ONLY_ACTIVE_ARCH = YES;
				SDKROOT = iphoneos;
				SWIFT_ACTIVE_COMPILATION_CONDITIONS = "DEBUG $(inherited)";
				SWIFT_OPTIMIZATION_LEVEL = "-Onone";
			};
			name = Debug;
		};
		3128F95A2CA89BFE0019147A /* Release */ = {
			isa = XCBuildConfiguration;
			buildSettings = {
				ALWAYS_SEARCH_USER_PATHS = NO;
				ASSETCATALOG_COMPILER_GENERATE_SWIFT_ASSET_SYMBOL_EXTENSIONS = YES;
				CLANG_ANALYZER_NONNULL = YES;
				CLANG_ANALYZER_NUMBER_OBJECT_CONVERSION = YES_AGGRESSIVE;
				CLANG_CXX_LANGUAGE_STANDARD = "gnu++20";
				CLANG_ENABLE_MODULES = YES;
				CLANG_ENABLE_OBJC_ARC = YES;
				CLANG_ENABLE_OBJC_WEAK = YES;
				CLANG_WARN_BLOCK_CAPTURE_AUTORELEASING = YES;
				CLANG_WARN_BOOL_CONVERSION = YES;
				CLANG_WARN_COMMA = YES;
				CLANG_WARN_CONSTANT_CONVERSION = YES;
				CLANG_WARN_DEPRECATED_OBJC_IMPLEMENTATIONS = YES;
				CLANG_WARN_DIRECT_OBJC_ISA_USAGE = YES_ERROR;
				CLANG_WARN_DOCUMENTATION_COMMENTS = YES;
				CLANG_WARN_EMPTY_BODY = YES;
				CLANG_WARN_ENUM_CONVERSION = YES;
				CLANG_WARN_INFINITE_RECURSION = YES;
				CLANG_WARN_INT_CONVERSION = YES;
				CLANG_WARN_NON_LITERAL_NULL_CONVERSION = YES;
				CLANG_WARN_OBJC_IMPLICIT_RETAIN_SELF = YES;
				CLANG_WARN_OBJC_LITERAL_CONVERSION = YES;
				CLANG_WARN_OBJC_ROOT_CLASS = YES_ERROR;
				CLANG_WARN_QUOTED_INCLUDE_IN_FRAMEWORK_HEADER = YES;
				CLANG_WARN_RANGE_LOOP_ANALYSIS = YES;
				CLANG_WARN_STRICT_PROTOTYPES = YES;
				CLANG_WARN_SUSPICIOUS_MOVE = YES;
				CLANG_WARN_UNGUARDED_AVAILABILITY = YES_AGGRESSIVE;
				CLANG_WARN_UNREACHABLE_CODE = YES;
				CLANG_WARN__DUPLICATE_METHOD_MATCH = YES;
				COPY_PHASE_STRIP = NO;
				DEBUG_INFORMATION_FORMAT = "dwarf-with-dsym";
				ENABLE_NS_ASSERTIONS = NO;
				ENABLE_STRICT_OBJC_MSGSEND = YES;
				ENABLE_USER_SCRIPT_SANDBOXING = YES;
				GCC_C_LANGUAGE_STANDARD = gnu17;
				GCC_NO_COMMON_BLOCKS = YES;
				GCC_WARN_64_TO_32_BIT_CONVERSION = YES;
				GCC_WARN_ABOUT_RETURN_TYPE = YES_ERROR;
				GCC_WARN_UNDECLARED_SELECTOR = YES;
				GCC_WARN_UNINITIALIZED_AUTOS = YES_AGGRESSIVE;
				GCC_WARN_UNUSED_FUNCTION = YES;
				GCC_WARN_UNUSED_VARIABLE = YES;
				IPHONEOS_DEPLOYMENT_TARGET = 18.0;
				LOCALIZATION_PREFERS_STRING_CATALOGS = YES;
				MTL_ENABLE_DEBUG_INFO = NO;
				MTL_FAST_MATH = YES;
				SDKROOT = iphoneos;
				SWIFT_COMPILATION_MODE = wholemodule;
				VALIDATE_PRODUCT = YES;
			};
			name = Release;
		};
		3128F95C2CA89BFE0019147A /* Debug */ = {
			isa = XCBuildConfiguration;
			buildSettings = {
				ASSETCATALOG_COMPILER_APPICON_NAME = AppIcon;
				ASSETCATALOG_COMPILER_GLOBAL_ACCENT_COLOR_NAME = AccentColor;
				CODE_SIGN_STYLE = Automatic;
				CURRENT_PROJECT_VERSION = 1;
				DEVELOPMENT_ASSET_PATHS = "\"wealthwise_ai/Preview Content\"";
				ENABLE_PREVIEWS = YES;
				GENERATE_INFOPLIST_FILE = YES;
				INFOPLIST_KEY_UIApplicationSceneManifest_Generation = YES;
				INFOPLIST_KEY_UIApplicationSupportsIndirectInputEvents = YES;
				INFOPLIST_KEY_UILaunchScreen_Generation = YES;
				INFOPLIST_KEY_UISupportedInterfaceOrientations_iPad = "UIInterfaceOrientationPortrait UIInterfaceOrientationPortraitUpsideDown UIInterfaceOrientationLandscapeLeft UIInterfaceOrientationLandscapeRight";
				INFOPLIST_KEY_UISupportedInterfaceOrientations_iPhone = "UIInterfaceOrientationPortrait UIInterfaceOrientationLandscapeLeft UIInterfaceOrientationLandscapeRight";
				LD_RUNPATH_SEARCH_PATHS = (
					"$(inherited)",
					"@executable_path/Frameworks",
				);
				MARKETING_VERSION = 1.0;
				PRODUCT_BUNDLE_IDENTIFIER = "YER.wealthwise-ai";
				PRODUCT_NAME = "$(TARGET_NAME)";
				SWIFT_EMIT_LOC_STRINGS = YES;
				SWIFT_VERSION = 5.0;
				TARGETED_DEVICE_FAMILY = "1,2";
			};
			name = Debug;
		};
		3128F95D2CA89BFE0019147A /* Release */ = {
			isa = XCBuildConfiguration;
			buildSettings = {
				ASSETCATALOG_COMPILER_APPICON_NAME = AppIcon;
				ASSETCATALOG_COMPILER_GLOBAL_ACCENT_COLOR_NAME = AccentColor;
				CODE_SIGN_STYLE = Automatic;
				CURRENT_PROJECT_VERSION = 1;
				DEVELOPMENT_ASSET_PATHS = "\"wealthwise_ai/Preview Content\"";
				ENABLE_PREVIEWS = YES;
				GENERATE_INFOPLIST_FILE = YES;
				INFOPLIST_KEY_UIApplicationSceneManifest_Generation = YES;
				INFOPLIST_KEY_UIApplicationSupportsIndirectInputEvents = YES;
				INFOPLIST_KEY_UILaunchScreen_Generation = YES;
				INFOPLIST_KEY_UISupportedInterfaceOrientations_iPad = "UIInterfaceOrientationPortrait UIInterfaceOrientationPortraitUpsideDown UIInterfaceOrientationLandscapeLeft UIInterfaceOrientationLandscapeRight";
				INFOPLIST_KEY_UISupportedInterfaceOrientations_iPhone = "UIInterfaceOrientationPortrait UIInterfaceOrientationLandscapeLeft UIInterfaceOrientationLandscapeRight";
				LD_RUNPATH_SEARCH_PATHS = (
					"$(inherited)",
					"@executable_path/Frameworks",
				);
				MARKETING_VERSION = 1.0;
				PRODUCT_BUNDLE_IDENTIFIER = "YER.wealthwise-ai";
				PRODUCT_NAME = "$(TARGET_NAME)";
				SWIFT_EMIT_LOC_STRINGS = YES;
				SWIFT_VERSION = 5.0;
				TARGETED_DEVICE_FAMILY = "1,2";
			};
			name = Release;
		};
		3128F95F2CA89BFE0019147A /* Debug */ = {
			isa = XCBuildConfiguration;
			buildSettings = {
				BUNDLE_LOADER = "$(TEST_HOST)";
				CODE_SIGN_STYLE = Automatic;
				CURRENT_PROJECT_VERSION = 1;
				GENERATE_INFOPLIST_FILE = YES;
				IPHONEOS_DEPLOYMENT_TARGET = 18.0;
				MARKETING_VERSION = 1.0;
				PRODUCT_BUNDLE_IDENTIFIER = "YER.wealthwise-aiTests";
				PRODUCT_NAME = "$(TARGET_NAME)";
				SWIFT_EMIT_LOC_STRINGS = NO;
				SWIFT_VERSION = 5.0;
				TARGETED_DEVICE_FAMILY = "1,2";
				TEST_HOST = "$(BUILT_PRODUCTS_DIR)/wealthwise_ai.app/$(BUNDLE_EXECUTABLE_FOLDER_PATH)/wealthwise_ai";
			};
			name = Debug;
		};
		3128F9602CA89BFE0019147A /* Release */ = {
			isa = XCBuildConfiguration;
			buildSettings = {
				BUNDLE_LOADER = "$(TEST_HOST)";
				CODE_SIGN_STYLE = Automatic;
				CURRENT_PROJECT_VERSION = 1;
				GENERATE_INFOPLIST_FILE = YES;
				IPHONEOS_DEPLOYMENT_TARGET = 18.0;
				MARKETING_VERSION = 1.0;
				PRODUCT_BUNDLE_IDENTIFIER = "YER.wealthwise-aiTests";
				PRODUCT_NAME = "$(TARGET_NAME)";
				SWIFT_EMIT_LOC_STRINGS = NO;
				SWIFT_VERSION = 5.0;
				TARGETED_DEVICE_FAMILY = "1,2";
				TEST_HOST = "$(BUILT_PRODUCTS_DIR)/wealthwise_ai.app/$(BUNDLE_EXECUTABLE_FOLDER_PATH)/wealthwise_ai";
			};
			name = Release;
		};
		3128F9622CA89BFE0019147A /* Debug */ = {
			isa = XCBuildConfiguration;
			buildSettings = {
				CODE_SIGN_STYLE = Automatic;
				CURRENT_PROJECT_VERSION = 1;
				GENERATE_INFOPLIST_FILE = YES;
				MARKETING_VERSION = 1.0;
				PRODUCT_BUNDLE_IDENTIFIER = "YER.wealthwise-aiUITests";
				PRODUCT_NAME = "$(TARGET_NAME)";
				SWIFT_EMIT_LOC_STRINGS = NO;
				SWIFT_VERSION = 5.0;
				TARGETED_DEVICE_FAMILY = "1,2";
				TEST_TARGET_NAME = wealthwise_ai;
			};
			name = Debug;
		};
		3128F9632CA89BFE0019147A /* Release */ = {
			isa = XCBuildConfiguration;
			buildSettings = {
				CODE_SIGN_STYLE = Automatic;
				CURRENT_PROJECT_VERSION = 1;
				GENERATE_INFOPLIST_FILE = YES;
				MARKETING_VERSION = 1.0;
				PRODUCT_BUNDLE_IDENTIFIER = "YER.wealthwise-aiUITests";
				PRODUCT_NAME = "$(TARGET_NAME)";
				SWIFT_EMIT_LOC_STRINGS = NO;
				SWIFT_VERSION = 5.0;
				TARGETED_DEVICE_FAMILY = "1,2";
				TEST_TARGET_NAME = wealthwise_ai;
			};
			name = Release;
		};
/* End XCBuildConfiguration section */

/* Begin XCConfigurationList section */
		3128F9322CA89BFD0019147A /* Build configuration list for PBXProject "wealthwise_ai" */ = {
			isa = XCConfigurationList;
			buildConfigurations = (
				3128F9592CA89BFE0019147A /* Debug */,
				3128F95A2CA89BFE0019147A /* Release */,
			);
			defaultConfigurationIsVisible = 0;
			defaultConfigurationName = Release;
		};
		3128F95B2CA89BFE0019147A /* Build configuration list for PBXNativeTarget "wealthwise_ai" */ = {
			isa = XCConfigurationList;
			buildConfigurations = (
				3128F95C2CA89BFE0019147A /* Debug */,
				3128F95D2CA89BFE0019147A /* Release */,
			);
			defaultConfigurationIsVisible = 0;
			defaultConfigurationName = Release;
		};
		3128F95E2CA89BFE0019147A /* Build configuration list for PBXNativeTarget "wealthwise_aiTests" */ = {
			isa = XCConfigurationList;
			buildConfigurations = (
				3128F95F2CA89BFE0019147A /* Debug */,
				3128F9602CA89BFE0019147A /* Release */,
			);
			defaultConfigurationIsVisible = 0;
			defaultConfigurationName = Release;
		};
		3128F9612CA89BFE0019147A /* Build configuration list for PBXNativeTarget "wealthwise_aiUITests" */ = {
			isa = XCConfigurationList;
			buildConfigurations = (
				3128F9622CA89BFE0019147A /* Debug */,
				3128F9632CA89BFE0019147A /* Release */,
			);
			defaultConfigurationIsVisible = 0;
			defaultConfigurationName = Release;
		};
/* End XCConfigurationList section */
	};
	rootObject = 3128F92F2CA89BFD0019147A /* Project object */;
}
